# This file is automatically @generated by Cargo.
# It is not intended for manual editing.
version = 4

[[package]]
name = "netaddr2"
version = "0.10.0"
source = "registry+https://github.com/rust-lang/crates.io-index"
checksum = "d6680d6da37e96edea724d1b065d82b516040191a38453a6a440d8000eb3b479"

[[package]]
name = "subnet-utils"
version = "0.1.0"
dependencies = [
 "netaddr2",
]
